Microsoft Visual Studio Solution File, Format Version 12.00
# Visual Studio Version 17
VisualStudioVersion = 17.5.2.0
MinimumVisualStudioVersion = 10.0.40219.1
Project("{FAE04EC0-301F-11D3-BF4B-00C04F79EFBC}") = "Conway", "Conway\Conway.csproj", "{70BA83D1-08DC-B300-E395-C9D86A9665E2}"
EndProject
Global
	GlobalSection(SolutionConfigurationPlatforms) = preSolution
		Debug|Any CPU = Debug|Any CPU
		Release|Any CPU = Release|Any CPU
	EndGlobalSection
	GlobalSection(ProjectConfigurationPlatforms) = postSolution
		{70BA83D1-08DC-B300-E395-C9D86A9665E2}.Debug|Any CPU.ActiveCfg = Debug|Any CPU
		{70BA83D1-08DC-B300-E395-C9D86A9665E2}.Debug|Any CPU.Build.0 = Debug|Any CPU
		{70BA83D1-08DC-B300-E395-C9D86A9665E2}.Release|Any CPU.ActiveCfg = Release|Any CPU
		{70BA83D1-08DC-B300-E395-C9D86A9665E2}.Release|Any CPU.Build.0 = Release|Any CPU
	EndGlobalSection
	GlobalSection(SolutionProperties) = preSolution
		HideSolutionNode = FALSE
	EndGlobalSection
	GlobalSection(ExtensibilityGlobals) = postSolution
		SolutionGuid = {28568CED-0D54-41D7-A3DB-AADC2E9F97C6}
	EndGlobalSection
EndGlobal
